{
  "requires": true,
  "lockfileVersion": 1,
  "dependencies": {
    "fslightbox": {
      "version": "3.4.1",
      "resolved": "https://registry.npmjs.org/fslightbox/-/fslightbox-3.4.1.tgz",
      "integrity": "sha512-/YkPP9jCnZMIlPuJPUo10JTCOCntU0vHeIKe0cB5ruR0ss2QCLhzxY5h24grZ2gUsF//0NXik7iGMU05RV/jcg=="
    },
    "panolens": {
      "version": "0.12.1",
      "resolved": "https://registry.npmjs.org/panolens/-/panolens-0.12.1.tgz",
      "integrity": "sha512-2hpjm+rRnDdaLD5Bak49K0Y9/X6vOr1OcyJx5piSA6sCOs1tsgchMgKIwpSGCMpBMHWZ10E/Cz4BIwyXYebt5g==",
      "requires": {
        "three": "^0.105.2"
      }
    },
    "three": {
      "version": "0.105.2",
      "resolved": "https://registry.npmjs.org/three/-/three-0.105.2.tgz",
      "integrity": "sha512-L3Al37k4g3hVbgFFS251UVtIc25chhyN0/RvXzR0C+uIBToV6EKDG+MZzEXm9L2miGUVMK27W46/VkP6WUZXMg=="
    },
    "youtube-background": {
      "version": "1.0.14",
      "resolved": "https://registry.npmjs.org/youtube-background/-/youtube-background-1.0.14.tgz",
      "integrity": "sha512-9KSE8T6aauWB3khBsZRvl1/pNB2+DgZclGt8b+ko+OkktLAk3mw1WEsb+wNqNiZEKsnU8YLA9wy/hkN/g0eYMQ=="
    }
  }
}
